
Microsoft Visual Studio Solution File, Format Version 12.00
# Visual Studio 15
VisualStudioVersion = 15.0.27130.2027
MinimumVisualStudioVersion = 10.0.40219.1
Project("{FAE04EC0-301F-11D3-BF4B-00C04F79EFBC}") = "Lab2", "Lab2\Lab2.csproj", "{4A28F0D8-9815-475C-8F18-E615BC3FD90B}"
EndProject
Project("{FAE04EC0-301F-11D3-BF4B-00C04F79EFBC}") = "Core", "Core\Core.csproj", "{EE809550-A769-406A-B305-B87CFDB65433}"
EndProject
Global
	GlobalSection(SolutionConfigurationPlatforms) = preSolution
		Debug|Any CPU = Debug|Any CPU
		Release|Any CPU = Release|Any CPU
	EndGlobalSection
	GlobalSection(ProjectConfigurationPlatforms) = postSolution
		{4A28F0D8-9815-475C-8F18-E615BC3FD90B}.Debug|Any CPU.ActiveCfg = Debug|Any CPU
		{4A28F0D8-9815-475C-8F18-E615BC3FD90B}.Debug|Any CPU.Build.0 = Debug|Any CPU
		{4A28F0D8-9815-475C-8F18-E615BC3FD90B}.Release|Any CPU.ActiveCfg = Release|Any CPU
		{4A28F0D8-9815-475C-8F18-E615BC3FD90B}.Release|Any CPU.Build.0 = Release|Any CPU
		{EE809550-A769-406A-B305-B87CFDB65433}.Debug|Any CPU.ActiveCfg = Debug|Any CPU
		{EE809550-A769-406A-B305-B87CFDB65433}.Debug|Any CPU.Build.0 = Debug|Any CPU
		{EE809550-A769-406A-B305-B87CFDB65433}.Release|Any CPU.ActiveCfg = Release|Any CPU
		{EE809550-A769-406A-B305-B87CFDB65433}.Release|Any CPU.Build.0 = Release|Any CPU
	EndGlobalSection
	GlobalSection(SolutionProperties) = preSolution
		HideSolutionNode = FALSE
	EndGlobalSection
	GlobalSection(ExtensibilityGlobals) = postSolution
		SolutionGuid = {6BB21858-9D42-427B-9FC0-E90349B606B2}
	EndGlobalSection
EndGlobal
